
Microsoft Visual Studio Solution File, Format Version 12.00
# Visual Studio Version 17
VisualStudioVersion = 17.9.34616.47
MinimumVisualStudioVersion = 10.0.40219.1
Project("{FAE04EC0-301F-11D3-BF4B-00C04F79EFBC}") = "Principio de Responsabilidad Unica", "Principio de Responsabilidad Unica.csproj", "{8ED4C989-B8FE-49D3-B63C-BD4105BE0A99}"
EndProject
Global
	GlobalSection(SolutionConfigurationPlatforms) = preSolution
		Debug|Any CPU = Debug|Any CPU
		Release|Any CPU = Release|Any CPU
	EndGlobalSection
	GlobalSection(ProjectConfigurationPlatforms) = postSolution
		{8ED4C989-B8FE-49D3-B63C-BD4105BE0A99}.Debug|Any CPU.ActiveCfg = Debug|Any CPU
		{8ED4C989-B8FE-49D3-B63C-BD4105BE0A99}.Debug|Any CPU.Build.0 = Debug|Any CPU
		{8ED4C989-B8FE-49D3-B63C-BD4105BE0A99}.Release|Any CPU.ActiveCfg = Release|Any CPU
		{8ED4C989-B8FE-49D3-B63C-BD4105BE0A99}.Release|Any CPU.Build.0 = Release|Any CPU
	EndGlobalSection
	GlobalSection(SolutionProperties) = preSolution
		HideSolutionNode = FALSE
	EndGlobalSection
	GlobalSection(ExtensibilityGlobals) = postSolution
		SolutionGuid = {A45273EF-2E85-4ADE-9E49-2AB9CCBA8B03}
	EndGlobalSection
EndGlobal
